
Microsoft Visual Studio Solution File, Format Version 12.00
# Visual Studio Version 16
VisualStudioVersion = 16.0.30717.126
MinimumVisualStudioVersion = 10.0.40219.1
Project("{2150E333-8FDC-42A3-9474-1A3956D46DE8}") = "src", "src", "{C313D5F9-6841-4183-AD11-351BC20C6650}"
EndProject
Project("{2150E333-8FDC-42A3-9474-1A3956D46DE8}") = "samples", "samples", "{411AFED1-C934-4A79-AA39-664F721417FC}"
EndProject
Project("{9A19103F-16F7-4668-BE54-9A1E7A4F7556}") = "Sample.AspNetCore.Mvc", "samples\Sample.AspNetCore.Mvc\Sample.AspNetCore.Mvc.csproj", "{06087D38-447E-4511-852E-0B4F575926C2}"
EndProject
Project("{9A19103F-16F7-4668-BE54-9A1E7A4F7556}") = "OnceMi.AspNetCore.OSS", "src\OnceMi.AspNetCore.OSS\OnceMi.AspNetCore.OSS.csproj", "{0D559561-3D45-418F-BF79-A60CAA6DFBD2}"
EndProject
Global
	GlobalSection(SolutionConfigurationPlatforms) = preSolution
		Debug|Any CPU = Debug|Any CPU
		Release|Any CPU = Release|Any CPU
	EndGlobalSection
	GlobalSection(ProjectConfigurationPlatforms) = postSolution
		{06087D38-447E-4511-852E-0B4F575926C2}.Debug|Any CPU.ActiveCfg = Debug|Any CPU
		{06087D38-447E-4511-852E-0B4F575926C2}.Debug|Any CPU.Build.0 = Debug|Any CPU
		{06087D38-447E-4511-852E-0B4F575926C2}.Release|Any CPU.ActiveCfg = Release|Any CPU
		{06087D38-447E-4511-852E-0B4F575926C2}.Release|Any CPU.Build.0 = Release|Any CPU
		{0D559561-3D45-418F-BF79-A60CAA6DFBD2}.Debug|Any CPU.ActiveCfg = Debug|Any CPU
		{0D559561-3D45-418F-BF79-A60CAA6DFBD2}.Debug|Any CPU.Build.0 = Debug|Any CPU
		{0D559561-3D45-418F-BF79-A60CAA6DFBD2}.Release|Any CPU.ActiveCfg = Release|Any CPU
		{0D559561-3D45-418F-BF79-A60CAA6DFBD2}.Release|Any CPU.Build.0 = Release|Any CPU
	EndGlobalSection
	GlobalSection(SolutionProperties) = preSolution
		HideSolutionNode = FALSE
	EndGlobalSection
	GlobalSection(NestedProjects) = preSolution
		{06087D38-447E-4511-852E-0B4F575926C2} = {411AFED1-C934-4A79-AA39-664F721417FC}
		{0D559561-3D45-418F-BF79-A60CAA6DFBD2} = {C313D5F9-6841-4183-AD11-351BC20C6650}
	EndGlobalSection
	GlobalSection(ExtensibilityGlobals) = postSolution
		SolutionGuid = {37BBE3F7-510B-4CF9-A09C-A3E30807338E}
	EndGlobalSection
EndGlobal
